{
  "name": "keyword-automate",
  "version": "1.0.0",
  "lockfileVersion": 2,
  "requires": true,
  "packages": {
    "": {
      "version": "1.0.0",
      "license": "Apache-2.0",
      "dependencies": {
        "csv-stringify": "^5.6.2",
        "csv.js": "^1.0.7"
      }
    },
    "node_modules/csv-stringify": {
      "version": "5.6.2",
      "resolved": "https://registry.npmjs.org/csv-stringify/-/csv-stringify-5.6.2.tgz",
      "integrity": "sha512-n3rIVbX6ylm1YsX2NEug9IaPV8xRnT+9/NNZbrA/bcHgOSSeqtWla6XnI/xmyu57wIw+ASCAoX1oM6EZtqJV0A=="
    },
    "node_modules/csv.js": {
      "version": "1.0.7",
      "resolved": "https://registry.npmjs.org/csv.js/-/csv.js-1.0.7.tgz",
      "integrity": "sha512-Soyak0jeZSNTeaOMkRotL7o4bk5IeOUzPim4GSy1UyfB2PS2g1MKyeDFEuffe90TbZ6d0vZ0f34wOfrS+sd4VQ==",
      "engines": {
        "node": ">= 0.4.0"
      }
    }
  },
  "dependencies": {
    "csv-stringify": {
      "version": "5.6.2",
      "resolved": "https://registry.npmjs.org/csv-stringify/-/csv-stringify-5.6.2.tgz",
      "integrity": "sha512-n3rIVbX6ylm1YsX2NEug9IaPV8xRnT+9/NNZbrA/bcHgOSSeqtWla6XnI/xmyu57wIw+ASCAoX1oM6EZtqJV0A=="
    },
    "csv.js": {
      "version": "1.0.7",
      "resolved": "https://registry.npmjs.org/csv.js/-/csv.js-1.0.7.tgz",
      "integrity": "sha512-Soyak0jeZSNTeaOMkRotL7o4bk5IeOUzPim4GSy1UyfB2PS2g1MKyeDFEuffe90TbZ6d0vZ0f34wOfrS+sd4VQ=="
    }
  }
}
